
Microsoft Visual Studio Solution File, Format Version 12.00
# Visual Studio Version 16
VisualStudioVersion = 16.0.31424.327
MinimumVisualStudioVersion = 10.0.40219.1
Project("{6EC3EE1D-3C4E-46DD-8F32-0CC8E7565705}") = "ConverterApp", "ConverterApp\ConverterApp.fsproj", "{2B8A7BF3-ACB1-4A05-81DC-781CF4807BDE}"
EndProject
Project("{9A19103F-16F7-4668-BE54-9A1E7A4F7556}") = "ConverterAppWpf", "ConverterAppWpf\ConverterAppWpf.csproj", "{54FCE6FB-6B13-4D51-943C-F6D9CDF84212}"
EndProject
Project("{6EC3EE1D-3C4E-46DD-8F32-0CC8E7565705}") = "ExcelConverter", "ExcelConverter\ExcelConverter.fsproj", "{AF5627D8-319E-4282-9A81-95D1A7C6ABDC}"
EndProject
Global
	GlobalSection(SolutionConfigurationPlatforms) = preSolution
		Debug|Any CPU = Debug|Any CPU
		Release|Any CPU = Release|Any CPU
	EndGlobalSection
	GlobalSection(ProjectConfigurationPlatforms) = postSolution
		{2B8A7BF3-ACB1-4A05-81DC-781CF4807BDE}.Debug|Any CPU.ActiveCfg = Debug|Any CPU
		{2B8A7BF3-ACB1-4A05-81DC-781CF4807BDE}.Debug|Any CPU.Build.0 = Debug|Any CPU
		{2B8A7BF3-ACB1-4A05-81DC-781CF4807BDE}.Release|Any CPU.ActiveCfg = Release|Any CPU
		{2B8A7BF3-ACB1-4A05-81DC-781CF4807BDE}.Release|Any CPU.Build.0 = Release|Any CPU
		{54FCE6FB-6B13-4D51-943C-F6D9CDF84212}.Debug|Any CPU.ActiveCfg = Debug|Any CPU
		{54FCE6FB-6B13-4D51-943C-F6D9CDF84212}.Debug|Any CPU.Build.0 = Debug|Any CPU
		{54FCE6FB-6B13-4D51-943C-F6D9CDF84212}.Release|Any CPU.ActiveCfg = Release|Any CPU
		{54FCE6FB-6B13-4D51-943C-F6D9CDF84212}.Release|Any CPU.Build.0 = Release|Any CPU
		{AF5627D8-319E-4282-9A81-95D1A7C6ABDC}.Debug|Any CPU.ActiveCfg = Debug|Any CPU
		{AF5627D8-319E-4282-9A81-95D1A7C6ABDC}.Debug|Any CPU.Build.0 = Debug|Any CPU
		{AF5627D8-319E-4282-9A81-95D1A7C6ABDC}.Release|Any CPU.ActiveCfg = Release|Any CPU
		{AF5627D8-319E-4282-9A81-95D1A7C6ABDC}.Release|Any CPU.Build.0 = Release|Any CPU
	EndGlobalSection
	GlobalSection(SolutionProperties) = preSolution
		HideSolutionNode = FALSE
	EndGlobalSection
	GlobalSection(ExtensibilityGlobals) = postSolution
		SolutionGuid = {B0E58A5A-F784-4E2E-A76F-F59D021BDAFD}
	EndGlobalSection
EndGlobal
